
Microsoft Visual Studio Solution File, Format Version 12.00
# Visual Studio Version 17
VisualStudioVersion = 17.7.34031.279
MinimumVisualStudioVersion = 10.0.40219.1
Project("{FAE04EC0-301F-11D3-BF4B-00C04F79EFBC}") = "ecommerce", "ecommerce.csproj", "{4A5A2BC7-D608-4C9B-87E5-75A78598C224}"
EndProject
Global
	GlobalSection(SolutionConfigurationPlatforms) = preSolution
		Debug|Any CPU = Debug|Any CPU
		Release|Any CPU = Release|Any CPU
	EndGlobalSection
	GlobalSection(ProjectConfigurationPlatforms) = postSolution
		{4A5A2BC7-D608-4C9B-87E5-75A78598C224}.Debug|Any CPU.ActiveCfg = Debug|Any CPU
		{4A5A2BC7-D608-4C9B-87E5-75A78598C224}.Debug|Any CPU.Build.0 = Debug|Any CPU
		{4A5A2BC7-D608-4C9B-87E5-75A78598C224}.Release|Any CPU.ActiveCfg = Release|Any CPU
		{4A5A2BC7-D608-4C9B-87E5-75A78598C224}.Release|Any CPU.Build.0 = Release|Any CPU
	EndGlobalSection
	GlobalSection(SolutionProperties) = preSolution
		HideSolutionNode = FALSE
	EndGlobalSection
	GlobalSection(ExtensibilityGlobals) = postSolution
		SolutionGuid = {7436438B-9EA8-4914-8503-9817AA48C9B0}
	EndGlobalSection
EndGlobal
